
Microsoft Visual Studio Solution File, Format Version 12.00
# Visual Studio Version 16
VisualStudioVersion = 16.0.30804.86
MinimumVisualStudioVersion = 10.0.40219.1
Project("{FAE04EC0-301F-11D3-BF4B-00C04F79EFBC}") = "GoodFood", "GoodFood\GoodFood.csproj", "{C3C73CF9-4C7D-497D-9918-DE60465D1590}"
EndProject
Global
	GlobalSection(SolutionConfigurationPlatforms) = preSolution
		Debug|Any CPU = Debug|Any CPU
		Release|Any CPU = Release|Any CPU
	EndGlobalSection
	GlobalSection(ProjectConfigurationPlatforms) = postSolution
		{C3C73CF9-4C7D-497D-9918-DE60465D1590}.Debug|Any CPU.ActiveCfg = Debug|Any CPU
		{C3C73CF9-4C7D-497D-9918-DE60465D1590}.Debug|Any CPU.Build.0 = Debug|Any CPU
		{C3C73CF9-4C7D-497D-9918-DE60465D1590}.Release|Any CPU.ActiveCfg = Release|Any CPU
		{C3C73CF9-4C7D-497D-9918-DE60465D1590}.Release|Any CPU.Build.0 = Release|Any CPU
	EndGlobalSection
	GlobalSection(SolutionProperties) = preSolution
		HideSolutionNode = FALSE
	EndGlobalSection
	GlobalSection(ExtensibilityGlobals) = postSolution
		SolutionGuid = {7BDA58FE-2B8B-47FA-87F4-43E2AF14429D}
	EndGlobalSection
EndGlobal
